// !$*UTF8*$!
{
	archiveVersion = 1;
	classes = {
	};
	objectVersion = 48;
	objects = {

/* Begin PBXBuildFile section */
		D816D39F206CAEE200C2E4F8 /* AppDelegate.swift in Sources */ = {isa = PBXBuildFile; fileRef = D816D39E206CAEE200C2E4F8 /* AppDelegate.swift */; };
		D816D3A1206CAEE200C2E4F8 /* ViewController.swift in Sources */ = {isa = PBXBuildFile; fileRef = D816D3A0206CAEE200C2E4F8 /* ViewController.swift */; };
		D816D3A4206CAEE200C2E4F8 /* Main.storyboard in Resources */ = {isa = PBXBuildFile; fileRef = D816D3A2206CAEE200C2E4F8 /* Main.storyboard */; };
		D816D3A6206CAEE200C2E4F8 /* Assets.xcassets in Resources */ = {isa = PBXBuildFile; fileRef = D816D3A5206CAEE200C2E4F8 /* Assets.xcassets */; };
		D816D3A9206CAEE200C2E4F8 /* LaunchScreen.storyboard in Resources */ = {isa = PBXBuildFile; fileRef = D816D3A7206CAEE200C2E4F8 /* LaunchScreen.storyboard */; };
		D816D3B4206CAEE200C2E4F8 /* NoviceGuidanceViewerTests.swift in Sources */ = {isa = PBXBuildFile; fileRef = D816D3B3206CAEE200C2E4F8 /* NoviceGuidanceViewerTests.swift */; };
		D816D3BF206CAEE200C2E4F8 /* NoviceGuidanceViewerUITests.swift in Sources */ = {isa = PBXBuildFile; fileRef = D816D3BE206CAEE200C2E4F8 /* NoviceGuidanceViewerUITests.swift */; };
		D816D3D1206CAF4D00C2E4F8 /* common.swift in Sources */ = {isa = PBXBuildFile; fileRef = D816D3D0206CAF4D00C2E4F8 /* common.swift */; };
		D816D3D3206CB03700C2E4F8 /* NoviceGuidanceViewController.swift in Sources */ = {isa = PBXBuildFile; fileRef = D816D3D2206CB03700C2E4F8 /* NoviceGuidanceViewController.swift */; };
		D816D3D5206CB04100C2E4F8 /* NoviceGuidanceView.swift in Sources */ = {isa = PBXBuildFile; fileRef = D816D3D4206CB04100C2E4F8 /* NoviceGuidanceView.swift */; };
		D816D3D7206CB0DD00C2E4F8 /* NoviceGuidanceBaseViewController.swift in Sources */ = {isa = PBXBuildFile; fileRef = D816D3D6206CB0DD00C2E4F8 /* NoviceGuidanceBaseViewController.swift */; };
		D816D3D9206CB1AF00C2E4F8 /* NoviceGuidanceHomeViewController.swift in Sources */ = {isa = PBXBuildFile; fileRef = D816D3D8206CB1AF00C2E4F8 /* NoviceGuidanceHomeViewController.swift */; };
		D816D3DE206CB62700C2E4F8 /* NoviceGuidanceModel.swift in Sources */ = {isa = PBXBuildFile; fileRef = D816D3DD206CB62700C2E4F8 /* NoviceGuidanceModel.swift */; };
		D816D3E1206CDE3A00C2E4F8 /* testImg.png in Resources */ = {isa = PBXBuildFile; fileRef = D816D3E0206CDE3A00C2E4F8 /* testImg.png */; };
		D816D3E3206CDEFE00C2E4F8 /* testIpadImg.png in Resources */ = {isa = PBXBuildFile; fileRef = D816D3E2206CDEFE00C2E4F8 /* testIpadImg.png */; };
		D816D3E5206CE08B00C2E4F8 /* testIpadImg1@3x.png in Resources */ = {isa = PBXBuildFile; fileRef = D816D3E4206CE08B00C2E4F8 /* testIpadImg1@3x.png */; };
		D816D3E7206CE73A00C2E4F8 /* testIpadImg2.png in Resources */ = {isa = PBXBuildFile; fileRef = D816D3E6206CE73A00C2E4F8 /* testIpadImg2.png */; };
/* End PBXBuildFile section */

/* Begin PBXContainerItemProxy section */
		D816D3B0206CAEE200C2E4F8 /* PBXContainerItemProxy */ = {
			isa = PBXContainerItemProxy;
			containerPortal = D816D393206CAEE200C2E4F8 /* Project object */;
			proxyType = 1;
			remoteGlobalIDString = D816D39A206CAEE200C2E4F8;
			remoteInfo = NoviceGuidanceViewer;
		};
		D816D3BB206CAEE200C2E4F8 /* PBXContainerItemProxy */ = {
			isa = PBXContainerItemProxy;
			containerPortal = D816D393206CAEE200C2E4F8 /* Project object */;
			proxyType = 1;
			remoteGlobalIDString = D816D39A206CAEE200C2E4F8;
			remoteInfo = NoviceGuidanceViewer;
		};
/* End PBXContainerItemProxy section */

/* Begin PBXFileReference section */
		D816D39B206CAEE200C2E4F8 /* NoviceGuidanceViewer.app */ = {isa = PBXFileReference; explicitFileType = wrapper.application; includeInIndex = 0; path = NoviceGuidanceViewer.app; sourceTree = BUILT_PRODUCTS_DIR; };
		D816D39E206CAEE200C2E4F8 /* AppDelegate.swift */ = {isa = PBXFileReference; lastKnownFileType = sourcecode.swift; path = AppDelegate.swift; sourceTree = "<group>"; };
		D816D3A0206CAEE200C2E4F8 /* ViewController.swift */ = {isa = PBXFileReference; lastKnownFileType = sourcecode.swift; path = ViewController.swift; sourceTree = "<group>"; };
		D816D3A3206CAEE200C2E4F8 /* Base */ = {isa = PBXFileReference; lastKnownFileType = file.storyboard; name = Base; path = Base.lproj/Main.storyboard; sourceTree = "<group>"; };
		D816D3A5206CAEE200C2E4F8 /* Assets.xcassets */ = {isa = PBXFileReference; lastKnownFileType = folder.assetcatalog; path = Assets.xcassets; sourceTree = "<group>"; };
		D816D3A8206CAEE200C2E4F8 /* Base */ = {isa = PBXFileReference; lastKnownFileType = file.storyboard; name = Base; path = Base.lproj/LaunchScreen.storyboard; sourceTree = "<group>"; };
		D816D3AA206CAEE200C2E4F8 /* Info.plist */ = {isa = PBXFileReference; lastKnownFileType = text.plist.xml; path = Info.plist; sourceTree = "<group>"; };
		D816D3AF206CAEE200C2E4F8 /* NoviceGuidanceViewerTests.xctest */ = {isa = PBXFileReference; explicitFileType = wrapper.cfbundle; includeInIndex = 0; path = NoviceGuidanceViewerTests.xctest; sourceTree = BUILT_PRODUCTS_DIR; };
		D816D3B3206CAEE200C2E4F8 /* NoviceGuidanceViewerTests.swift */ = {isa = PBXFileReference; lastKnownFileType = sourcecode.swift; path = NoviceGuidanceViewerTests.swift; sourceTree = "<group>"; };
		D816D3B5206CAEE200C2E4F8 /* Info.plist */ = {isa = PBXFileReference; lastKnownFileType = text.plist.xml; path = Info.plist; sourceTree = "<group>"; };
		D816D3BA206CAEE200C2E4F8 /* NoviceGuidanceViewerUITests.xctest */ = {isa = PBXFileReference; explicitFileType = wrapper.cfbundle; includeInIndex = 0; path = NoviceGuidanceViewerUITests.xctest; sourceTree = BUILT_PRODUCTS_DIR; };
		D816D3BE206CAEE200C2E4F8 /* NoviceGuidanceViewerUITests.swift */ = {isa = PBXFileReference; lastKnownFileType = sourcecode.swift; path = NoviceGuidanceViewerUITests.swift; sourceTree = "<group>"; };
		D816D3C0206CAEE200C2E4F8 /* Info.plist */ = {isa = PBXFileReference; lastKnownFileType = text.plist.xml; path = Info.plist; sourceTree = "<group>"; };
		D816D3D0206CAF4D00C2E4F8 /* common.swift */ = {isa = PBXFileReference; lastKnownFileType = sourcecode.swift; path = common.swift; sourceTree = "<group>"; };
		D816D3D2206CB03700C2E4F8 /* NoviceGuidanceViewController.swift */ = {isa = PBXFileReference; lastKnownFileType = sourcecode.swift; path = NoviceGuidanceViewController.swift; sourceTree = "<group>"; };
		D816D3D4206CB04100C2E4F8 /* NoviceGuidanceView.swift */ = {isa = PBXFileReference; lastKnownFileType = sourcecode.swift; path = NoviceGuidanceView.swift; sourceTree = "<group>"; };
		D816D3D6206CB0DD00C2E4F8 /* NoviceGuidanceBaseViewController.swift */ = {isa = PBXFileReference; lastKnownFileType = sourcecode.swift; path = NoviceGuidanceBaseViewController.swift; sourceTree = "<group>"; };
		D816D3D8206CB1AF00C2E4F8 /* NoviceGuidanceHomeViewController.swift */ = {isa = PBXFileReference; lastKnownFileType = sourcecode.swift; path = NoviceGuidanceHomeViewController.swift; sourceTree = "<group>"; };
		D816D3DD206CB62700C2E4F8 /* NoviceGuidanceModel.swift */ = {isa = PBXFileReference; lastKnownFileType = sourcecode.swift; path = NoviceGuidanceModel.swift; sourceTree = "<group>"; };
		D816D3E0206CDE3A00C2E4F8 /* testImg.png */ = {isa = PBXFileReference; lastKnownFileType = image.png; path = testImg.png; sourceTree = "<group>"; };
		D816D3E2206CDEFE00C2E4F8 /* testIpadImg.png */ = {isa = PBXFileReference; lastKnownFileType = image.png; path = testIpadImg.png; sourceTree = "<group>"; };
		D816D3E4206CE08B00C2E4F8 /* testIpadImg1@3x.png */ = {isa = PBXFileReference; lastKnownFileType = image.png; path = "testIpadImg1@3x.png"; sourceTree = "<group>"; };
		D816D3E6206CE73A00C2E4F8 /* testIpadImg2.png */ = {isa = PBXFileReference; lastKnownFileType = image.png; path = testIpadImg2.png; sourceTree = "<group>"; };
/* End PBXFileReference section */

/* Begin PBXFrameworksBuildPhase section */
		D816D398206CAEE200C2E4F8 /* Frameworks */ = {
			isa = PBXFrameworksBuildPhase;
			buildActionMask = 2147483647;
			files = (
			);
			runOnlyForDeploymentPostprocessing = 0;
		};
		D816D3AC206CAEE200C2E4F8 /* Frameworks */ = {
			isa = PBXFrameworksBuildPhase;
			buildActionMask = 2147483647;
			files = (
			);
			runOnlyForDeploymentPostprocessing = 0;
		};
		D816D3B7206CAEE200C2E4F8 /* Frameworks */ = {
			isa = PBXFrameworksBuildPhase;
			buildActionMask = 2147483647;
			files = (
			);
			runOnlyForDeploymentPostprocessing = 0;
		};
/* End PBXFrameworksBuildPhase section */

/* Begin PBXGroup section */
		D816D392206CAEE200C2E4F8 = {
			isa = PBXGroup;
			children = (
				D816D39D206CAEE200C2E4F8 /* NoviceGuidanceViewer */,
				D816D3B2206CAEE200C2E4F8 /* NoviceGuidanceViewerTests */,
				D816D3BD206CAEE200C2E4F8 /* NoviceGuidanceViewerUITests */,
				D816D39C206CAEE200C2E4F8 /* Products */,
			);
			sourceTree = "<group>";
		};
		D816D39C206CAEE200C2E4F8 /* Products */ = {
			isa = PBXGroup;
			children = (
				D816D39B206CAEE200C2E4F8 /* NoviceGuidanceViewer.app */,
				D816D3AF206CAEE200C2E4F8 /* NoviceGuidanceViewerTests.xctest */,
				D816D3BA206CAEE200C2E4F8 /* NoviceGuidanceViewerUITests.xctest */,
			);
			name = Products;
			sourceTree = "<group>";
		};
		D816D39D206CAEE200C2E4F8 /* NoviceGuidanceViewer */ = {
			isa = PBXGroup;
			children = (
				D816D3DF206CDE3A00C2E4F8 /* Resources */,
				D816D3CD206CAF4400C2E4F8 /* Classes */,
				D816D3CC206CAF4400C2E4F8 /* Public */,
				D816D39E206CAEE200C2E4F8 /* AppDelegate.swift */,
				D816D3A0206CAEE200C2E4F8 /* ViewController.swift */,
				D816D3A2206CAEE200C2E4F8 /* Main.storyboard */,
				D816D3A5206CAEE200C2E4F8 /* Assets.xcassets */,
				D816D3A7206CAEE200C2E4F8 /* LaunchScreen.storyboard */,
				D816D3AA206CAEE200C2E4F8 /* Info.plist */,
			);
			path = NoviceGuidanceViewer;
			sourceTree = "<group>";
		};
		D816D3B2206CAEE200C2E4F8 /* NoviceGuidanceViewerTests */ = {
			isa = PBXGroup;
			children = (
				D816D3B3206CAEE200C2E4F8 /* NoviceGuidanceViewerTests.swift */,
				D816D3B5206CAEE200C2E4F8 /* Info.plist */,
			);
			path = NoviceGuidanceViewerTests;
			sourceTree = "<group>";
		};
		D816D3BD206CAEE200C2E4F8 /* NoviceGuidanceViewerUITests */ = {
			isa = PBXGroup;
			children = (
				D816D3BE206CAEE200C2E4F8 /* NoviceGuidanceViewerUITests.swift */,
				D816D3C0206CAEE200C2E4F8 /* Info.plist */,
			);
			path = NoviceGuidanceViewerUITests;
			sourceTree = "<group>";
		};
		D816D3CC206CAF4400C2E4F8 /* Public */ = {
			isa = PBXGroup;
			children = (
				D816D3D0206CAF4D00C2E4F8 /* common.swift */,
			);
			path = Public;
			sourceTree = "<group>";
		};
		D816D3CD206CAF4400C2E4F8 /* Classes */ = {
			isa = PBXGroup;
			children = (
				D816D3DA206CB5A100C2E4F8 /* Model */,
				D816D3CE206CAF4400C2E4F8 /* Controller */,
				D816D3CF206CAF4400C2E4F8 /* View */,
			);
			path = Classes;
			sourceTree = "<group>";
		};
		D816D3CE206CAF4400C2E4F8 /* Controller */ = {
			isa = PBXGroup;
			children = (
				D816D3D2206CB03700C2E4F8 /* NoviceGuidanceViewController.swift */,
				D816D3D6206CB0DD00C2E4F8 /* NoviceGuidanceBaseViewController.swift */,
				D816D3D8206CB1AF00C2E4F8 /* NoviceGuidanceHomeViewController.swift */,
			);
			path = Controller;
			sourceTree = "<group>";
		};
		D816D3CF206CAF4400C2E4F8 /* View */ = {
			isa = PBXGroup;
			children = (
				D816D3D4206CB04100C2E4F8 /* NoviceGuidanceView.swift */,
			);
			path = View;
			sourceTree = "<group>";
		};
		D816D3DA206CB5A100C2E4F8 /* Model */ = {
			isa = PBXGroup;
			children = (
				D816D3DD206CB62700C2E4F8 /* NoviceGuidanceModel.swift */,
			);
			path = Model;
			sourceTree = "<group>";
		};
		D816D3DF206CDE3A00C2E4F8 /* Resources */ = {
			isa = PBXGroup;
			children = (
				D816D3E6206CE73A00C2E4F8 /* testIpadImg2.png */,
				D816D3E4206CE08B00C2E4F8 /* testIpadImg1@3x.png */,
				D816D3E2206CDEFE00C2E4F8 /* testIpadImg.png */,
				D816D3E0206CDE3A00C2E4F8 /* testImg.png */,
			);
			path = Resources;
			sourceTree = "<group>";
		};
/* End PBXGroup section */

/* Begin PBXNativeTarget section */
		D816D39A206CAEE200C2E4F8 /* NoviceGuidanceViewer */ = {
			isa = PBXNativeTarget;
			buildConfigurationList = D816D3C3206CAEE200C2E4F8 /* Build configuration list for PBXNativeTarget "NoviceGuidanceViewer" */;
			buildPhases = (
				D816D397206CAEE200C2E4F8 /* Sources */,
				D816D398206CAEE200C2E4F8 /* Frameworks */,
				D816D399206CAEE200C2E4F8 /* Resources */,
			);
			buildRules = (
			);
			dependencies = (
			);
			name = NoviceGuidanceViewer;
			productName = NoviceGuidanceViewer;
			productReference = D816D39B206CAEE200C2E4F8 /* NoviceGuidanceViewer.app */;
			productType = "com.apple.product-type.application";
		};
		D816D3AE206CAEE200C2E4F8 /* NoviceGuidanceViewerTests */ = {
			isa = PBXNativeTarget;
			buildConfigurationList = D816D3C6206CAEE200C2E4F8 /* Build configuration list for PBXNativeTarget "NoviceGuidanceViewerTests" */;
			buildPhases = (
				D816D3AB206CAEE200C2E4F8 /* Sources */,
				D816D3AC206CAEE200C2E4F8 /* Frameworks */,
				D816D3AD206CAEE200C2E4F8 /* Resources */,
			);
			buildRules = (
			);
			dependencies = (
				D816D3B1206CAEE200C2E4F8 /* PBXTargetDependency */,
			);
			name = NoviceGuidanceViewerTests;
			productName = NoviceGuidanceViewerTests;
			productReference = D816D3AF206CAEE200C2E4F8 /* NoviceGuidanceViewerTests.xctest */;
			productType = "com.apple.product-type.bundle.unit-test";
		};
		D816D3B9206CAEE200C2E4F8 /* NoviceGuidanceViewerUITests */ = {
			isa = PBXNativeTarget;
			buildConfigurationList = D816D3C9206CAEE200C2E4F8 /* Build configuration list for PBXNativeTarget "NoviceGuidanceViewerUITests" */;
			buildPhases = (
				D816D3B6206CAEE200C2E4F8 /* Sources */,
				D816D3B7206CAEE200C2E4F8 /* Frameworks */,
				D816D3B8206CAEE200C2E4F8 /* Resources */,
			);
			buildRules = (
			);
			dependencies = (
				D816D3BC206CAEE200C2E4F8 /* PBXTargetDependency */,
			);
			name = NoviceGuidanceViewerUITests;
			productName = NoviceGuidanceViewerUITests;
			productReference = D816D3BA206CAEE200C2E4F8 /* NoviceGuidanceViewerUITests.xctest */;
			productType = "com.apple.product-type.bundle.ui-testing";
		};
/* End PBXNativeTarget section */

/* Begin PBXProject section */
		D816D393206CAEE200C2E4F8 /* Project object */ = {
			isa = PBXProject;
			attributes = {
				LastSwiftUpdateCheck = 0920;
				LastUpgradeCheck = 0920;
				ORGANIZATIONNAME = "Hongyear Information Technology (Shanghai) Co.,Ltd.";
				TargetAttributes = {
					D816D39A206CAEE200C2E4F8 = {
						CreatedOnToolsVersion = 9.2;
						ProvisioningStyle = Automatic;
					};
					D816D3AE206CAEE200C2E4F8 = {
						CreatedOnToolsVersion = 9.2;
						ProvisioningStyle = Automatic;
						TestTargetID = D816D39A206CAEE200C2E4F8;
					};
					D816D3B9206CAEE200C2E4F8 = {
						CreatedOnToolsVersion = 9.2;
						ProvisioningStyle = Automatic;
						TestTargetID = D816D39A206CAEE200C2E4F8;
					};
				};
			};
			buildConfigurationList = D816D396206CAEE200C2E4F8 /* Build configuration list for PBXProject "NoviceGuidanceViewer" */;
			compatibilityVersion = "Xcode 8.0";
			developmentRegion = en;
			hasScannedForEncodings = 0;
			knownRegions = (
				en,
				Base,
			);
			mainGroup = D816D392206CAEE200C2E4F8;
			productRefGroup = D816D39C206CAEE200C2E4F8 /* Products */;
			projectDirPath = "";
			projectRoot = "";
			targets = (
				D816D39A206CAEE200C2E4F8 /* NoviceGuidanceViewer */,
				D816D3AE206CAEE200C2E4F8 /* NoviceGuidanceViewerTests */,
				D816D3B9206CAEE200C2E4F8 /* NoviceGuidanceViewerUITests */,
			);
		};
/* End PBXProject section */

/* Begin PBXResourcesBuildPhase section */
		D816D399206CAEE200C2E4F8 /* Resources */ = {
			isa = PBXResourcesBuildPhase;
			buildActionMask = 2147483647;
			files = (
				D816D3A9206CAEE200C2E4F8 /* LaunchScreen.storyboard in Resources */,
				D816D3A6206CAEE200C2E4F8 /* Assets.xcassets in Resources */,
				D816D3A4206CAEE200C2E4F8 /* Main.storyboard in Resources */,
				D816D3E1206CDE3A00C2E4F8 /* testImg.png in Resources */,
				D816D3E3206CDEFE00C2E4F8 /* testIpadImg.png in Resources */,
				D816D3E7206CE73A00C2E4F8 /* testIpadImg2.png in Resources */,
				D816D3E5206CE08B00C2E4F8 /* testIpadImg1@3x.png in Resources */,
			);
			runOnlyForDeploymentPostprocessing = 0;
		};
		D816D3AD206CAEE200C2E4F8 /* Resources */ = {
			isa = PBXResourcesBuildPhase;
			buildActionMask = 2147483647;
			files = (
			);
			runOnlyForDeploymentPostprocessing = 0;
		};
		D816D3B8206CAEE200C2E4F8 /* Resources */ = {
			isa = PBXResourcesBuildPhase;
			buildActionMask = 2147483647;
			files = (
			);
			runOnlyForDeploymentPostprocessing = 0;
		};
/* End PBXResourcesBuildPhase section */

/* Begin PBXSourcesBuildPhase section */
		D816D397206CAEE200C2E4F8 /* Sources */ = {
			isa = PBXSourcesBuildPhase;
			buildActionMask = 2147483647;
			files = (
				D816D3D3206CB03700C2E4F8 /* NoviceGuidanceViewController.swift in Sources */,
				D816D3DE206CB62700C2E4F8 /* NoviceGuidanceModel.swift in Sources */,
				D816D3D7206CB0DD00C2E4F8 /* NoviceGuidanceBaseViewController.swift in Sources */,
				D816D3A1206CAEE200C2E4F8 /* ViewController.swift in Sources */,
				D816D3D9206CB1AF00C2E4F8 /* NoviceGuidanceHomeViewController.swift in Sources */,
				D816D39F206CAEE200C2E4F8 /* AppDelegate.swift in Sources */,
				D816D3D5206CB04100C2E4F8 /* NoviceGuidanceView.swift in Sources */,
				D816D3D1206CAF4D00C2E4F8 /* common.swift in Sources */,
			);
			runOnlyForDeploymentPostprocessing = 0;
		};
		D816D3AB206CAEE200C2E4F8 /* Sources */ = {
			isa = PBXSourcesBuildPhase;
			buildActionMask = 2147483647;
			files = (
				D816D3B4206CAEE200C2E4F8 /* NoviceGuidanceViewerTests.swift in Sources */,
			);
			runOnlyForDeploymentPostprocessing = 0;
		};
		D816D3B6206CAEE200C2E4F8 /* Sources */ = {
			isa = PBXSourcesBuildPhase;
			buildActionMask = 2147483647;
			files = (
				D816D3BF206CAEE200C2E4F8 /* NoviceGuidanceViewerUITests.swift in Sources */,
			);
			runOnlyForDeploymentPostprocessing = 0;
		};
/* End PBXSourcesBuildPhase section */

/* Begin PBXTargetDependency section */
		D816D3B1206CAEE200C2E4F8 /* PBXTargetDependency */ = {
			isa = PBXTargetDependency;
			target = D816D39A206CAEE200C2E4F8 /* NoviceGuidanceViewer */;
			targetProxy = D816D3B0206CAEE200C2E4F8 /* PBXContainerItemProxy */;
		};
		D816D3BC206CAEE200C2E4F8 /* PBXTargetDependency */ = {
			isa = PBXTargetDependency;
			target = D816D39A206CAEE200C2E4F8 /* NoviceGuidanceViewer */;
			targetProxy = D816D3BB206CAEE200C2E4F8 /* PBXContainerItemProxy */;
		};
/* End PBXTargetDependency section */

/* Begin PBXVariantGroup section */
		D816D3A2206CAEE200C2E4F8 /* Main.storyboard */ = {
			isa = PBXVariantGroup;
			children = (
				D816D3A3206CAEE200C2E4F8 /* Base */,
			);
			name = Main.storyboard;
			sourceTree = "<group>";
		};
		D816D3A7206CAEE200C2E4F8 /* LaunchScreen.storyboard */ = {
			isa = PBXVariantGroup;
			children = (
				D816D3A8206CAEE200C2E4F8 /* Base */,
			);
			name = LaunchScreen.storyboard;
			sourceTree = "<group>";
		};
/* End PBXVariantGroup section */

/* Begin XCBuildConfiguration section */
		D816D3C1206CAEE200C2E4F8 /* Debug */ = {
			isa = XCBuildConfiguration;
			buildSettings = {
				ALWAYS_SEARCH_USER_PATHS = NO;
				CLANG_ANALYZER_NONNULL = YES;
				CLANG_ANALYZER_NUMBER_OBJECT_CONVERSION = YES_AGGRESSIVE;
				CLANG_CXX_LANGUAGE_STANDARD = "gnu++14";
				CLANG_CXX_LIBRARY = "libc++";
				CLANG_ENABLE_MODULES = YES;
				CLANG_ENABLE_OBJC_ARC = YES;
				CLANG_WARN_BLOCK_CAPTURE_AUTORELEASING = YES;
				CLANG_WARN_BOOL_CONVERSION = YES;
				CLANG_WARN_COMMA = YES;
				CLANG_WARN_CONSTANT_CONVERSION = YES;
				CLANG_WARN_DIRECT_OBJC_ISA_USAGE = YES_ERROR;
				CLANG_WARN_DOCUMENTATION_COMMENTS = YES;
				CLANG_WARN_EMPTY_BODY = YES;
				CLANG_WARN_ENUM_CONVERSION = YES;
				CLANG_WARN_INFINITE_RECURSION = YES;
				CLANG_WARN_INT_CONVERSION = YES;
				CLANG_WARN_NON_LITERAL_NULL_CONVERSION = YES;
				CLANG_WARN_OBJC_LITERAL_CONVERSION = YES;
				CLANG_WARN_OBJC_ROOT_CLASS = YES_ERROR;
				CLANG_WARN_RANGE_LOOP_ANALYSIS = YES;
				CLANG_WARN_STRICT_PROTOTYPES = YES;
				CLANG_WARN_SUSPICIOUS_MOVE = YES;
				CLANG_WARN_UNGUARDED_AVAILABILITY = YES_AGGRESSIVE;
				CLANG_WARN_UNREACHABLE_CODE = YES;
				CLANG_WARN__DUPLICATE_METHOD_MATCH = YES;
				CODE_SIGN_IDENTITY = "iPhone Developer";
				COPY_PHASE_STRIP = NO;
				DEBUG_INFORMATION_FORMAT = dwarf;
				ENABLE_STRICT_OBJC_MSGSEND = YES;
				ENABLE_TESTABILITY = YES;
				GCC_C_LANGUAGE_STANDARD = gnu11;
				GCC_DYNAMIC_NO_PIC = NO;
				GCC_NO_COMMON_BLOCKS = YES;
				GCC_OPTIMIZATION_LEVEL = 0;
				GCC_PREPROCESSOR_DEFINITIONS = (
					"DEBUG=1",
					"$(inherited)",
				);
				GCC_WARN_64_TO_32_BIT_CONVERSION = YES;
				GCC_WARN_ABOUT_RETURN_TYPE = YES_ERROR;
				GCC_WARN_UNDECLARED_SELECTOR = YES;
				GCC_WARN_UNINITIALIZED_AUTOS = YES_AGGRESSIVE;
				GCC_WARN_UNUSED_FUNCTION = YES;
				GCC_WARN_UNUSED_VARIABLE = YES;
				IPHONEOS_DEPLOYMENT_TARGET = 11.2;
				MTL_ENABLE_DEBUG_INFO = YES;
				ONLY_ACTIVE_ARCH = YES;
				SDKROOT = iphoneos;
				SWIFT_ACTIVE_COMPILATION_CONDITIONS = DEBUG;
				SWIFT_OPTIMIZATION_LEVEL = "-Onone";
			};
			name = Debug;
		};
		D816D3C2206CAEE200C2E4F8 /* Release */ = {
			isa = XCBuildConfiguration;
			buildSettings = {
				ALWAYS_SEARCH_USER_PATHS = NO;
				CLANG_ANALYZER_NONNULL = YES;
				CLANG_ANALYZER_NUMBER_OBJECT_CONVERSION = YES_AGGRESSIVE;
				CLANG_CXX_LANGUAGE_STANDARD = "gnu++14";
				CLANG_CXX_LIBRARY = "libc++";
				CLANG_ENABLE_MODULES = YES;
				CLANG_ENABLE_OBJC_ARC = YES;
				CLANG_WARN_BLOCK_CAPTURE_AUTORELEASING = YES;
				CLANG_WARN_BOOL_CONVERSION = YES;
				CLANG_WARN_COMMA = YES;
				CLANG_WARN_CONSTANT_CONVERSION = YES;
				CLANG_WARN_DIRECT_OBJC_ISA_USAGE = YES_ERROR;
				CLANG_WARN_DOCUMENTATION_COMMENTS = YES;
				CLANG_WARN_EMPTY_BODY = YES;
				CLANG_WARN_ENUM_CONVERSION = YES;
				CLANG_WARN_INFINITE_RECURSION = YES;
				CLANG_WARN_INT_CONVERSION = YES;
				CLANG_WARN_NON_LITERAL_NULL_CONVERSION = YES;
				CLANG_WARN_OBJC_LITERAL_CONVERSION = YES;
				CLANG_WARN_OBJC_ROOT_CLASS = YES_ERROR;
				CLANG_WARN_RANGE_LOOP_ANALYSIS = YES;
				CLANG_WARN_STRICT_PROTOTYPES = YES;
				CLANG_WARN_SUSPICIOUS_MOVE = YES;
				CLANG_WARN_UNGUARDED_AVAILABILITY = YES_AGGRESSIVE;
				CLANG_WARN_UNREACHABLE_CODE = YES;
				CLANG_WARN__DUPLICATE_METHOD_MATCH = YES;
				CODE_SIGN_IDENTITY = "iPhone Developer";
				COPY_PHASE_STRIP = NO;
				DEBUG_INFORMATION_FORMAT = "dwarf-with-dsym";
				ENABLE_NS_ASSERTIONS = NO;
				ENABLE_STRICT_OBJC_MSGSEND = YES;
				GCC_C_LANGUAGE_STANDARD = gnu11;
				GCC_NO_COMMON_BLOCKS = YES;
				GCC_WARN_64_TO_32_BIT_CONVERSION = YES;
				GCC_WARN_ABOUT_RETURN_TYPE = YES_ERROR;
				GCC_WARN_UNDECLARED_SELECTOR = YES;
				GCC_WARN_UNINITIALIZED_AUTOS = YES_AGGRESSIVE;
				GCC_WARN_UNUSED_FUNCTION = YES;
				GCC_WARN_UNUSED_VARIABLE = YES;
				IPHONEOS_DEPLOYMENT_TARGET = 11.2;
				MTL_ENABLE_DEBUG_INFO = NO;
				SDKROOT = iphoneos;
				SWIFT_OPTIMIZATION_LEVEL = "-Owholemodule";
				VALIDATE_PRODUCT = YES;
			};
			name = Release;
		};
		D816D3C4206CAEE200C2E4F8 /* Debug */ = {
			isa = XCBuildConfiguration;
			buildSettings = {
				ASSETCATALOG_COMPILER_APPICON_NAME = AppIcon;
				CODE_SIGN_STYLE = Automatic;
				DEVELOPMENT_TEAM = HHBWV8ZU9T;
				INFOPLIST_FILE = NoviceGuidanceViewer/Info.plist;
				IPHONEOS_DEPLOYMENT_TARGET = 9.0;
				LD_RUNPATH_SEARCH_PATHS = "$(inherited) @executable_path/Frameworks";
				PRODUCT_BUNDLE_IDENTIFIER = com.joe.NoviceGuidanceViewerDemo;
				PRODUCT_NAME = "$(TARGET_NAME)";
				SWIFT_VERSION = 4.0;
				TARGETED_DEVICE_FAMILY = "1,2";
			};
			name = Debug;
		};
		D816D3C5206CAEE200C2E4F8 /* Release */ = {
			isa = XCBuildConfiguration;
			buildSettings = {
				ASSETCATALOG_COMPILER_APPICON_NAME = AppIcon;
				CODE_SIGN_STYLE = Automatic;
				DEVELOPMENT_TEAM = HHBWV8ZU9T;
				INFOPLIST_FILE = NoviceGuidanceViewer/Info.plist;
				IPHONEOS_DEPLOYMENT_TARGET = 9.0;
				LD_RUNPATH_SEARCH_PATHS = "$(inherited) @executable_path/Frameworks";
				PRODUCT_BUNDLE_IDENTIFIER = com.joe.NoviceGuidanceViewerDemo;
				PRODUCT_NAME = "$(TARGET_NAME)";
				SWIFT_VERSION = 4.0;
				TARGETED_DEVICE_FAMILY = "1,2";
			};
			name = Release;
		};
		D816D3C7206CAEE200C2E4F8 /* Debug */ = {
			isa = XCBuildConfiguration;
			buildSettings = {
				ALWAYS_EMBED_SWIFT_STANDARD_LIBRARIES = YES;
				BUNDLE_LOADER = "$(TEST_HOST)";
				CODE_SIGN_STYLE = Automatic;
				INFOPLIST_FILE = NoviceGuidanceViewerTests/Info.plist;
				LD_RUNPATH_SEARCH_PATHS = "$(inherited) @executable_path/Frameworks @loader_path/Frameworks";
				PRODUCT_BUNDLE_IDENTIFIER = com.zzj.NoviceGuidanceViewerTests;
				PRODUCT_NAME = "$(TARGET_NAME)";
				SWIFT_VERSION = 4.0;
				TARGETED_DEVICE_FAMILY = "1,2";
				TEST_HOST = "$(BUILT_PRODUCTS_DIR)/NoviceGuidanceViewer.app/NoviceGuidanceViewer";
			};
			name = Debug;
		};
		D816D3C8206CAEE200C2E4F8 /* Release */ = {
			isa = XCBuildConfiguration;
			buildSettings = {
				ALWAYS_EMBED_SWIFT_STANDARD_LIBRARIES = YES;
				BUNDLE_LOADER = "$(TEST_HOST)";
				CODE_SIGN_STYLE = Automatic;
				INFOPLIST_FILE = NoviceGuidanceViewerTests/Info.plist;
				LD_RUNPATH_SEARCH_PATHS = "$(inherited) @executable_path/Frameworks @loader_path/Frameworks";
				PRODUCT_BUNDLE_IDENTIFIER = com.zzj.NoviceGuidanceViewerTests;
				PRODUCT_NAME = "$(TARGET_NAME)";
				SWIFT_VERSION = 4.0;
				TARGETED_DEVICE_FAMILY = "1,2";
				TEST_HOST = "$(BUILT_PRODUCTS_DIR)/NoviceGuidanceViewer.app/NoviceGuidanceViewer";
			};
			name = Release;
		};
		D816D3CA206CAEE200C2E4F8 /* Debug */ = {
			isa = XCBuildConfiguration;
			buildSettings = {
				ALWAYS_EMBED_SWIFT_STANDARD_LIBRARIES = YES;
				CODE_SIGN_STYLE = Automatic;
				INFOPLIST_FILE = NoviceGuidanceViewerUITests/Info.plist;
				LD_RUNPATH_SEARCH_PATHS = "$(inherited) @executable_path/Frameworks @loader_path/Frameworks";
				PRODUCT_BUNDLE_IDENTIFIER = com.zzj.NoviceGuidanceViewerUITests;
				PRODUCT_NAME = "$(TARGET_NAME)";
				SWIFT_VERSION = 4.0;
				TARGETED_DEVICE_FAMILY = "1,2";
				TEST_TARGET_NAME = NoviceGuidanceViewer;
			};
			name = Debug;
		};
		D816D3CB206CAEE200C2E4F8 /* Release */ = {
			isa = XCBuildConfiguration;
			buildSettings = {
				ALWAYS_EMBED_SWIFT_STANDARD_LIBRARIES = YES;
				CODE_SIGN_STYLE = Automatic;
				INFOPLIST_FILE = NoviceGuidanceViewerUITests/Info.plist;
				LD_RUNPATH_SEARCH_PATHS = "$(inherited) @executable_path/Frameworks @loader_path/Frameworks";
				PRODUCT_BUNDLE_IDENTIFIER = com.zzj.NoviceGuidanceViewerUITests;
				PRODUCT_NAME = "$(TARGET_NAME)";
				SWIFT_VERSION = 4.0;
				TARGETED_DEVICE_FAMILY = "1,2";
				TEST_TARGET_NAME = NoviceGuidanceViewer;
			};
			name = Release;
		};
/* End XCBuildConfiguration section */

/* Begin XCConfigurationList section */
		D816D396206CAEE200C2E4F8 /* Build configuration list for PBXProject "NoviceGuidanceViewer" */ = {
			isa = XCConfigurationList;
			buildConfigurations = (
				D816D3C1206CAEE200C2E4F8 /* Debug */,
				D816D3C2206CAEE200C2E4F8 /* Release */,
			);
			defaultConfigurationIsVisible = 0;
			defaultConfigurationName = Release;
		};
		D816D3C3206CAEE200C2E4F8 /* Build configuration list for PBXNativeTarget "NoviceGuidanceViewer" */ = {
			isa = XCConfigurationList;
			buildConfigurations = (
				D816D3C4206CAEE200C2E4F8 /* Debug */,
				D816D3C5206CAEE200C2E4F8 /* Release */,
			);
			defaultConfigurationIsVisible = 0;
			defaultConfigurationName = Release;
		};
		D816D3C6206CAEE200C2E4F8 /* Build configuration list for PBXNativeTarget "NoviceGuidanceViewerTests" */ = {
			isa = XCConfigurationList;
			buildConfigurations = (
				D816D3C7206CAEE200C2E4F8 /* Debug */,
				D816D3C8206CAEE200C2E4F8 /* Release */,
			);
			defaultConfigurationIsVisible = 0;
			defaultConfigurationName = Release;
		};
		D816D3C9206CAEE200C2E4F8 /* Build configuration list for PBXNativeTarget "NoviceGuidanceViewerUITests" */ = {
			isa = XCConfigurationList;
			buildConfigurations = (
				D816D3CA206CAEE200C2E4F8 /* Debug */,
				D816D3CB206CAEE200C2E4F8 /* Release */,
			);
			defaultConfigurationIsVisible = 0;
			defaultConfigurationName = Release;
		};
/* End XCConfigurationList section */
	};
	rootObject = D816D393206CAEE200C2E4F8 /* Project object */;
}
